// !$*UTF8*$!
{
	archiveVersion = 1;
	classes = {
	};
	objectVersion = 46;
	objects = {

/* Begin PBXBuildFile section */
		1A452ABA1C2E823F00155EB0 /* Constants.swift in Sources */ = {isa = PBXBuildFile; fileRef = 1A452AB91C2E823F00155EB0 /* Constants.swift */; };
		1A49BF681C2A98C90033F036 /* AppDelegate.swift in Sources */ = {isa = PBXBuildFile; fileRef = 1A49BF671C2A98C90033F036 /* AppDelegate.swift */; };
		1A49BF6A1C2A98C90033F036 /* ScanViewController.swift in Sources */ = {isa = PBXBuildFile; fileRef = 1A49BF691C2A98C90033F036 /* ScanViewController.swift */; };
		1A49BF6C1C2A98C90033F036 /* QRCardViewController.swift in Sources */ = {isa = PBXBuildFile; fileRef = 1A49BF6B1C2A98C90033F036 /* QRCardViewController.swift */; };
		1A49BF6F1C2A98C90033F036 /* Main.storyboard in Resources */ = {isa = PBXBuildFile; fileRef = 1A49BF6D1C2A98C90033F036 /* Main.storyboard */; };
		1A49BF711C2A98C90033F036 /* Assets.xcassets in Resources */ = {isa = PBXBuildFile; fileRef = 1A49BF701C2A98C90033F036 /* Assets.xcassets */; };
		1A49BF741C2A98C90033F036 /* LaunchScreen.storyboard in Resources */ = {isa = PBXBuildFile; fileRef = 1A49BF721C2A98C90033F036 /* LaunchScreen.storyboard */; };
		1A49BF7F1C2A98C90033F036 /* SynqrTests.swift in Sources */ = {isa = PBXBuildFile; fileRef = 1A49BF7E1C2A98C90033F036 /* SynqrTests.swift */; };
		1A49BF8A1C2A98C90033F036 /* SynqrUITests.swift in Sources */ = {isa = PBXBuildFile; fileRef = 1A49BF891C2A98C90033F036 /* SynqrUITests.swift */; };
		1A49BF9A1C2A99190033F036 /* FBSDKCoreKit.framework in Frameworks */ = {isa = PBXBuildFile; fileRef = 1A49BF981C2A99190033F036 /* FBSDKCoreKit.framework */; };
		1A49BF9B1C2A99190033F036 /* FBSDKLoginKit.framework in Frameworks */ = {isa = PBXBuildFile; fileRef = 1A49BF991C2A99190033F036 /* FBSDKLoginKit.framework */; };
		1A49BF9E1C2A9C460033F036 /* SwiftyJSON.swift in Sources */ = {isa = PBXBuildFile; fileRef = 1A49BF9D1C2A9C460033F036 /* SwiftyJSON.swift */; };
		1AB42DD91C2E633800EBB59C /* EditDataCell.swift in Sources */ = {isa = PBXBuildFile; fileRef = 1AB42DD81C2E633800EBB59C /* EditDataCell.swift */; };
		1AB42DDB1C2E646500EBB59C /* DetailTableViewController.swift in Sources */ = {isa = PBXBuildFile; fileRef = 1AB42DDA1C2E646500EBB59C /* DetailTableViewController.swift */; };
		1AB42DDD1C2E64B600EBB59C /* FBLoginViewController.swift in Sources */ = {isa = PBXBuildFile; fileRef = 1AB42DDC1C2E64B600EBB59C /* FBLoginViewController.swift */; };
		1AB6BD131C2AAF6D00C615EB /* ContactPanelViewController.swift in Sources */ = {isa = PBXBuildFile; fileRef = 1AB6BD121C2AAF6D00C615EB /* ContactPanelViewController.swift */; };
		1AB6BD151C2AB12D00C615EB /* SynqrCode.swift in Sources */ = {isa = PBXBuildFile; fileRef = 1AB6BD141C2AB12D00C615EB /* SynqrCode.swift */; };
		1AB6BD171C2AB1B400C615EB /* MainTableViewController.swift in Sources */ = {isa = PBXBuildFile; fileRef = 1AB6BD161C2AB1B400C615EB /* MainTableViewController.swift */; };
		1AB7CEE11C37D2F70006C3A4 /* ContainerViewController.swift in Sources */ = {isa = PBXBuildFile; fileRef = 1AB7CEE01C37D2F70006C3A4 /* ContainerViewController.swift */; };
		1AB7CEE31C37D4EE0006C3A4 /* SidePanelViewController.swift in Sources */ = {isa = PBXBuildFile; fileRef = 1AB7CEE21C37D4EE0006C3A4 /* SidePanelViewController.swift */; };
/* End PBXBuildFile section */

/* Begin PBXContainerItemProxy section */
		1A49BF7B1C2A98C90033F036 /* PBXContainerItemProxy */ = {
			isa = PBXContainerItemProxy;
			containerPortal = 1A49BF5C1C2A98C90033F036 /* Project object */;
			proxyType = 1;
			remoteGlobalIDString = 1A49BF631C2A98C90033F036;
			remoteInfo = Synqr;
		};
		1A49BF861C2A98C90033F036 /* PBXContainerItemProxy */ = {
			isa = PBXContainerItemProxy;
			containerPortal = 1A49BF5C1C2A98C90033F036 /* Project object */;
			proxyType = 1;
			remoteGlobalIDString = 1A49BF631C2A98C90033F036;
			remoteInfo = Synqr;
		};
/* End PBXContainerItemProxy section */

/* Begin PBXFileReference section */
		1A452AB91C2E823F00155EB0 /* Constants.swift */ = {isa = PBXFileReference; fileEncoding = 4; lastKnownFileType = sourcecode.swift; path = Constants.swift; sourceTree = "<group>"; };
		1A49BF641C2A98C90033F036 /* Synqr.app */ = {isa = PBXFileReference; explicitFileType = wrapper.application; includeInIndex = 0; path = Synqr.app; sourceTree = BUILT_PRODUCTS_DIR; };
		1A49BF671C2A98C90033F036 /* AppDelegate.swift */ = {isa = PBXFileReference; lastKnownFileType = sourcecode.swift; path = AppDelegate.swift; sourceTree = "<group>"; };
		1A49BF691C2A98C90033F036 /* ScanViewController.swift */ = {isa = PBXFileReference; lastKnownFileType = sourcecode.swift; path = ScanViewController.swift; sourceTree = "<group>"; };
		1A49BF6B1C2A98C90033F036 /* QRCardViewController.swift */ = {isa = PBXFileReference; lastKnownFileType = sourcecode.swift; path = QRCardViewController.swift; sourceTree = "<group>"; };
		1A49BF6E1C2A98C90033F036 /* Base */ = {isa = PBXFileReference; lastKnownFileType = file.storyboard; name = Base; path = Base.lproj/Main.storyboard; sourceTree = "<group>"; };
		1A49BF701C2A98C90033F036 /* Assets.xcassets */ = {isa = PBXFileReference; lastKnownFileType = folder.assetcatalog; path = Assets.xcassets; sourceTree = "<group>"; };
		1A49BF731C2A98C90033F036 /* Base */ = {isa = PBXFileReference; lastKnownFileType = file.storyboard; name = Base; path = Base.lproj/LaunchScreen.storyboard; sourceTree = "<group>"; };
		1A49BF751C2A98C90033F036 /* Info.plist */ = {isa = PBXFileReference; lastKnownFileType = text.plist.xml; path = Info.plist; sourceTree = "<group>"; };
		1A49BF7A1C2A98C90033F036 /* SynqrTests.xctest */ = {isa = PBXFileReference; explicitFileType = wrapper.cfbundle; includeInIndex = 0; path = SynqrTests.xctest; sourceTree = BUILT_PRODUCTS_DIR; };
		1A49BF7E1C2A98C90033F036 /* SynqrTests.swift */ = {isa = PBXFileReference; lastKnownFileType = sourcecode.swift; path = SynqrTests.swift; sourceTree = "<group>"; };
		1A49BF801C2A98C90033F036 /* Info.plist */ = {isa = PBXFileReference; lastKnownFileType = text.plist.xml; path = Info.plist; sourceTree = "<group>"; };
		1A49BF851C2A98C90033F036 /* SynqrUITests.xctest */ = {isa = PBXFileReference; explicitFileType = wrapper.cfbundle; includeInIndex = 0; path = SynqrUITests.xctest; sourceTree = BUILT_PRODUCTS_DIR; };
		1A49BF891C2A98C90033F036 /* SynqrUITests.swift */ = {isa = PBXFileReference; lastKnownFileType = sourcecode.swift; path = SynqrUITests.swift; sourceTree = "<group>"; };
		1A49BF8B1C2A98C90033F036 /* Info.plist */ = {isa = PBXFileReference; lastKnownFileType = text.plist.xml; path = Info.plist; sourceTree = "<group>"; };
		1A49BF971C2A98FA0033F036 /* Synqr-Bridging-Header.h */ = {isa = PBXFileReference; lastKnownFileType = sourcecode.c.h; path = "Synqr-Bridging-Header.h"; sourceTree = "<group>"; };
		1A49BF981C2A99190033F036 /* FBSDKCoreKit.framework */ = {isa = PBXFileReference; lastKnownFileType = wrapper.framework; name = FBSDKCoreKit.framework; path = ../../FacebookSDK/FBSDKCoreKit.framework; sourceTree = "<group>"; };
		1A49BF991C2A99190033F036 /* FBSDKLoginKit.framework */ = {isa = PBXFileReference; lastKnownFileType = wrapper.framework; name = FBSDKLoginKit.framework; path = ../../FacebookSDK/FBSDKLoginKit.framework; sourceTree = "<group>"; };
		1A49BF9D1C2A9C460033F036 /* SwiftyJSON.swift */ = {isa = PBXFileReference; fileEncoding = 4; lastKnownFileType = sourcecode.swift; path = SwiftyJSON.swift; sourceTree = "<group>"; };
		1AB42DD81C2E633800EBB59C /* EditDataCell.swift */ = {isa = PBXFileReference; fileEncoding = 4; lastKnownFileType = sourcecode.swift; path = EditDataCell.swift; sourceTree = "<group>"; };
		1AB42DDA1C2E646500EBB59C /* DetailTableViewController.swift */ = {isa = PBXFileReference; fileEncoding = 4; lastKnownFileType = sourcecode.swift; path = DetailTableViewController.swift; sourceTree = "<group>"; };
		1AB42DDC1C2E64B600EBB59C /* FBLoginViewController.swift */ = {isa = PBXFileReference; fileEncoding = 4; lastKnownFileType = sourcecode.swift; path = FBLoginViewController.swift; sourceTree = "<group>"; };
		1AB6BD121C2AAF6D00C615EB /* ContactPanelViewController.swift */ = {isa = PBXFileReference; fileEncoding = 4; lastKnownFileType = sourcecode.swift; path = ContactPanelViewController.swift; sourceTree = "<group>"; };
		1AB6BD141C2AB12D00C615EB /* SynqrCode.swift */ = {isa = PBXFileReference; fileEncoding = 4; lastKnownFileType = sourcecode.swift; path = SynqrCode.swift; sourceTree = "<group>"; };
		1AB6BD161C2AB1B400C615EB /* MainTableViewController.swift */ = {isa = PBXFileReference; fileEncoding = 4; lastKnownFileType = sourcecode.swift; path = MainTableViewController.swift; sourceTree = "<group>"; };
		1AB7CEE01C37D2F70006C3A4 /* ContainerViewController.swift */ = {isa = PBXFileReference; fileEncoding = 4; lastKnownFileType = sourcecode.swift; path = ContainerViewController.swift; sourceTree = "<group>"; };
		1AB7CEE21C37D4EE0006C3A4 /* SidePanelViewController.swift */ = {isa = PBXFileReference; fileEncoding = 4; lastKnownFileType = sourcecode.swift; path = SidePanelViewController.swift; sourceTree = "<group>"; };
/* End PBXFileReference section */

/* Begin PBXFrameworksBuildPhase section */
		1A49BF611C2A98C90033F036 /* Frameworks */ = {
			isa = PBXFrameworksBuildPhase;
			buildActionMask = 2147483647;
			files = (
				1A49BF9B1C2A99190033F036 /* FBSDKLoginKit.framework in Frameworks */,
				1A49BF9A1C2A99190033F036 /* FBSDKCoreKit.framework in Frameworks */,
			);
			runOnlyForDeploymentPostprocessing = 0;
		};
		1A49BF771C2A98C90033F036 /* Frameworks */ = {
			isa = PBXFrameworksBuildPhase;
			buildActionMask = 2147483647;
			files = (
			);
			runOnlyForDeploymentPostprocessing = 0;
		};
		1A49BF821C2A98C90033F036 /* Frameworks */ = {
			isa = PBXFrameworksBuildPhase;
			buildActionMask = 2147483647;
			files = (
			);
			runOnlyForDeploymentPostprocessing = 0;
		};
/* End PBXFrameworksBuildPhase section */

/* Begin PBXGroup section */
		1A49BF5B1C2A98C90033F036 = {
			isa = PBXGroup;
			children = (
				1A49BF9C1C2A99240033F036 /* Frameworks */,
				1A49BF661C2A98C90033F036 /* Synqr */,
				1A49BF7D1C2A98C90033F036 /* SynqrTests */,
				1A49BF881C2A98C90033F036 /* SynqrUITests */,
				1A49BF651C2A98C90033F036 /* Products */,
			);
			sourceTree = "<group>";
		};
		1A49BF651C2A98C90033F036 /* Products */ = {
			isa = PBXGroup;
			children = (
				1A49BF641C2A98C90033F036 /* Synqr.app */,
				1A49BF7A1C2A98C90033F036 /* SynqrTests.xctest */,
				1A49BF851C2A98C90033F036 /* SynqrUITests.xctest */,
			);
			name = Products;
			sourceTree = "<group>";
		};
		1A49BF661C2A98C90033F036 /* Synqr */ = {
			isa = PBXGroup;
			children = (
				1A49BF971C2A98FA0033F036 /* Synqr-Bridging-Header.h */,
				1A49BF751C2A98C90033F036 /* Info.plist */,
				1A49BF671C2A98C90033F036 /* AppDelegate.swift */,
				1A452AB91C2E823F00155EB0 /* Constants.swift */,
				1AB6BD121C2AAF6D00C615EB /* ContactPanelViewController.swift */,
				1AB42DDA1C2E646500EBB59C /* DetailTableViewController.swift */,
				1AB42DD81C2E633800EBB59C /* EditDataCell.swift */,
				1AB42DDC1C2E64B600EBB59C /* FBLoginViewController.swift */,
				1AB6BD161C2AB1B400C615EB /* MainTableViewController.swift */,
				1A49BF6B1C2A98C90033F036 /* QRCardViewController.swift */,
				1A49BF691C2A98C90033F036 /* ScanViewController.swift */,
				1AB7CEE21C37D4EE0006C3A4 /* SidePanelViewController.swift */,
				1A49BF9D1C2A9C460033F036 /* SwiftyJSON.swift */,
				1AB6BD141C2AB12D00C615EB /* SynqrCode.swift */,
				1A49BF701C2A98C90033F036 /* Assets.xcassets */,
				1A49BF721C2A98C90033F036 /* LaunchScreen.storyboard */,
				1A49BF6D1C2A98C90033F036 /* Main.storyboard */,
				1AB7CEE01C37D2F70006C3A4 /* ContainerViewController.swift */,
			);
			path = Synqr;
			sourceTree = "<group>";
		};
		1A49BF7D1C2A98C90033F036 /* SynqrTests */ = {
			isa = PBXGroup;
			children = (
				1A49BF7E1C2A98C90033F036 /* SynqrTests.swift */,
				1A49BF801C2A98C90033F036 /* Info.plist */,
			);
			path = SynqrTests;
			sourceTree = "<group>";
		};
		1A49BF881C2A98C90033F036 /* SynqrUITests */ = {
			isa = PBXGroup;
			children = (
				1A49BF891C2A98C90033F036 /* SynqrUITests.swift */,
				1A49BF8B1C2A98C90033F036 /* Info.plist */,
			);
			path = SynqrUITests;
			sourceTree = "<group>";
		};
		1A49BF9C1C2A99240033F036 /* Frameworks */ = {
			isa = PBXGroup;
			children = (
				1A49BF981C2A99190033F036 /* FBSDKCoreKit.framework */,
				1A49BF991C2A99190033F036 /* FBSDKLoginKit.framework */,
			);
			name = Frameworks;
			sourceTree = "<group>";
		};
/* End PBXGroup section */

/* Begin PBXNativeTarget section */
		1A49BF631C2A98C90033F036 /* Synqr */ = {
			isa = PBXNativeTarget;
			buildConfigurationList = 1A49BF8E1C2A98C90033F036 /* Build configuration list for PBXNativeTarget "Synqr" */;
			buildPhases = (
				1A49BF601C2A98C90033F036 /* Sources */,
				1A49BF611C2A98C90033F036 /* Frameworks */,
				1A49BF621C2A98C90033F036 /* Resources */,
			);
			buildRules = (
			);
			dependencies = (
			);
			name = Synqr;
			productName = Synqr;
			productReference = 1A49BF641C2A98C90033F036 /* Synqr.app */;
			productType = "com.apple.product-type.application";
		};
		1A49BF791C2A98C90033F036 /* SynqrTests */ = {
			isa = PBXNativeTarget;
			buildConfigurationList = 1A49BF911C2A98C90033F036 /* Build configuration list for PBXNativeTarget "SynqrTests" */;
			buildPhases = (
				1A49BF761C2A98C90033F036 /* Sources */,
				1A49BF771C2A98C90033F036 /* Frameworks */,
				1A49BF781C2A98C90033F036 /* Resources */,
			);
			buildRules = (
			);
			dependencies = (
				1A49BF7C1C2A98C90033F036 /* PBXTargetDependency */,
			);
			name = SynqrTests;
			productName = SynqrTests;
			productReference = 1A49BF7A1C2A98C90033F036 /* SynqrTests.xctest */;
			productType = "com.apple.product-type.bundle.unit-test";
		};
		1A49BF841C2A98C90033F036 /* SynqrUITests */ = {
			isa = PBXNativeTarget;
			buildConfigurationList = 1A49BF941C2A98C90033F036 /* Build configuration list for PBXNativeTarget "SynqrUITests" */;
			buildPhases = (
				1A49BF811C2A98C90033F036 /* Sources */,
				1A49BF821C2A98C90033F036 /* Frameworks */,
				1A49BF831C2A98C90033F036 /* Resources */,
			);
			buildRules = (
			);
			dependencies = (
				1A49BF871C2A98C90033F036 /* PBXTargetDependency */,
			);
			name = SynqrUITests;
			productName = SynqrUITests;
			productReference = 1A49BF851C2A98C90033F036 /* SynqrUITests.xctest */;
			productType = "com.apple.product-type.bundle.ui-testing";
		};
/* End PBXNativeTarget section */

/* Begin PBXProject section */
		1A49BF5C1C2A98C90033F036 /* Project object */ = {
			isa = PBXProject;
			attributes = {
				LastSwiftUpdateCheck = 0710;
				LastUpgradeCheck = 0710;
				ORGANIZATIONNAME = "James Kim";
				TargetAttributes = {
					1A49BF631C2A98C90033F036 = {
						CreatedOnToolsVersion = 7.1.1;
					};
					1A49BF791C2A98C90033F036 = {
						CreatedOnToolsVersion = 7.1.1;
						TestTargetID = 1A49BF631C2A98C90033F036;
					};
					1A49BF841C2A98C90033F036 = {
						CreatedOnToolsVersion = 7.1.1;
						TestTargetID = 1A49BF631C2A98C90033F036;
					};
				};
			};
			buildConfigurationList = 1A49BF5F1C2A98C90033F036 /* Build configuration list for PBXProject "Synqr" */;
			compatibilityVersion = "Xcode 3.2";
			developmentRegion = English;
			hasScannedForEncodings = 0;
			knownRegions = (
				en,
				Base,
			);
			mainGroup = 1A49BF5B1C2A98C90033F036;
			productRefGroup = 1A49BF651C2A98C90033F036 /* Products */;
			projectDirPath = "";
			projectRoot = "";
			targets = (
				1A49BF631C2A98C90033F036 /* Synqr */,
				1A49BF791C2A98C90033F036 /* SynqrTests */,
				1A49BF841C2A98C90033F036 /* SynqrUITests */,
			);
		};
/* End PBXProject section */

/* Begin PBXResourcesBuildPhase section */
		1A49BF621C2A98C90033F036 /* Resources */ = {
			isa = PBXResourcesBuildPhase;
			buildActionMask = 2147483647;
			files = (
				1A49BF741C2A98C90033F036 /* LaunchScreen.storyboard in Resources */,
				1A49BF711C2A98C90033F036 /* Assets.xcassets in Resources */,
				1A49BF6F1C2A98C90033F036 /* Main.storyboard in Resources */,
			);
			runOnlyForDeploymentPostprocessing = 0;
		};
		1A49BF781C2A98C90033F036 /* Resources */ = {
			isa = PBXResourcesBuildPhase;
			buildActionMask = 2147483647;
			files = (
			);
			runOnlyForDeploymentPostprocessing = 0;
		};
		1A49BF831C2A98C90033F036 /* Resources */ = {
			isa = PBXResourcesBuildPhase;
			buildActionMask = 2147483647;
			files = (
			);
			runOnlyForDeploymentPostprocessing = 0;
		};
/* End PBXResourcesBuildPhase section */

/* Begin PBXSourcesBuildPhase section */
		1A49BF601C2A98C90033F036 /* Sources */ = {
			isa = PBXSourcesBuildPhase;
			buildActionMask = 2147483647;
			files = (
				1AB6BD131C2AAF6D00C615EB /* ContactPanelViewController.swift in Sources */,
				1A452ABA1C2E823F00155EB0 /* Constants.swift in Sources */,
				1A49BF6C1C2A98C90033F036 /* QRCardViewController.swift in Sources */,
				1AB6BD151C2AB12D00C615EB /* SynqrCode.swift in Sources */,
				1AB42DDB1C2E646500EBB59C /* DetailTableViewController.swift in Sources */,
				1AB42DDD1C2E64B600EBB59C /* FBLoginViewController.swift in Sources */,
				1A49BF681C2A98C90033F036 /* AppDelegate.swift in Sources */,
				1A49BF6A1C2A98C90033F036 /* ScanViewController.swift in Sources */,
				1AB7CEE31C37D4EE0006C3A4 /* SidePanelViewController.swift in Sources */,
				1AB42DD91C2E633800EBB59C /* EditDataCell.swift in Sources */,
				1A49BF9E1C2A9C460033F036 /* SwiftyJSON.swift in Sources */,
				1AB7CEE11C37D2F70006C3A4 /* ContainerViewController.swift in Sources */,
				1AB6BD171C2AB1B400C615EB /* MainTableViewController.swift in Sources */,
			);
			runOnlyForDeploymentPostprocessing = 0;
		};
		1A49BF761C2A98C90033F036 /* Sources */ = {
			isa = PBXSourcesBuildPhase;
			buildActionMask = 2147483647;
			files = (
				1A49BF7F1C2A98C90033F036 /* SynqrTests.swift in Sources */,
			);
			runOnlyForDeploymentPostprocessing = 0;
		};
		1A49BF811C2A98C90033F036 /* Sources */ = {
			isa = PBXSourcesBuildPhase;
			buildActionMask = 2147483647;
			files = (
				1A49BF8A1C2A98C90033F036 /* SynqrUITests.swift in Sources */,
			);
			runOnlyForDeploymentPostprocessing = 0;
		};
/* End PBXSourcesBuildPhase section */

/* Begin PBXTargetDependency section */
		1A49BF7C1C2A98C90033F036 /* PBXTargetDependency */ = {
			isa = PBXTargetDependency;
			target = 1A49BF631C2A98C90033F036 /* Synqr */;
			targetProxy = 1A49BF7B1C2A98C90033F036 /* PBXContainerItemProxy */;
		};
		1A49BF871C2A98C90033F036 /* PBXTargetDependency */ = {
			isa = PBXTargetDependency;
			target = 1A49BF631C2A98C90033F036 /* Synqr */;
			targetProxy = 1A49BF861C2A98C90033F036 /* PBXContainerItemProxy */;
		};
/* End PBXTargetDependency section */

/* Begin PBXVariantGroup section */
		1A49BF6D1C2A98C90033F036 /* Main.storyboard */ = {
			isa = PBXVariantGroup;
			children = (
				1A49BF6E1C2A98C90033F036 /* Base */,
			);
			name = Main.storyboard;
			sourceTree = "<group>";
		};
		1A49BF721C2A98C90033F036 /* LaunchScreen.storyboard */ = {
			isa = PBXVariantGroup;
			children = (
				1A49BF731C2A98C90033F036 /* Base */,
			);
			name = LaunchScreen.storyboard;
			sourceTree = "<group>";
		};
/* End PBXVariantGroup section */

/* Begin XCBuildConfiguration section */
		1A49BF8C1C2A98C90033F036 /* Debug */ = {
			isa = XCBuildConfiguration;
			buildSettings = {
				ALWAYS_SEARCH_USER_PATHS = NO;
				CLANG_CXX_LANGUAGE_STANDARD = "gnu++0x";
				CLANG_CXX_LIBRARY = "libc++";
				CLANG_ENABLE_MODULES = YES;
				CLANG_ENABLE_OBJC_ARC = YES;
				CLANG_WARN_BOOL_CONVERSION = YES;
				CLANG_WARN_CONSTANT_CONVERSION = YES;
				CLANG_WARN_DIRECT_OBJC_ISA_USAGE = YES_ERROR;
				CLANG_WARN_EMPTY_BODY = YES;
				CLANG_WARN_ENUM_CONVERSION = YES;
				CLANG_WARN_INT_CONVERSION = YES;
				CLANG_WARN_OBJC_ROOT_CLASS = YES_ERROR;
				CLANG_WARN_UNREACHABLE_CODE = YES;
				CLANG_WARN__DUPLICATE_METHOD_MATCH = YES;
				"CODE_SIGN_IDENTITY[sdk=iphoneos*]" = "iPhone Developer";
				COPY_PHASE_STRIP = NO;
				DEBUG_INFORMATION_FORMAT = dwarf;
				ENABLE_STRICT_OBJC_MSGSEND = YES;
				ENABLE_TESTABILITY = YES;
				FRAMEWORK_SEARCH_PATHS = /Users/James/Documents/FacebookSDK;
				GCC_C_LANGUAGE_STANDARD = gnu99;
				GCC_DYNAMIC_NO_PIC = NO;
				GCC_NO_COMMON_BLOCKS = YES;
				GCC_OPTIMIZATION_LEVEL = 0;
				GCC_PREPROCESSOR_DEFINITIONS = (
					"DEBUG=1",
					"$(inherited)",
				);
				GCC_WARN_64_TO_32_BIT_CONVERSION = YES;
				GCC_WARN_ABOUT_RETURN_TYPE = YES_ERROR;
				GCC_WARN_UNDECLARED_SELECTOR = YES;
				GCC_WARN_UNINITIALIZED_AUTOS = YES_AGGRESSIVE;
				GCC_WARN_UNUSED_FUNCTION = YES;
				GCC_WARN_UNUSED_VARIABLE = YES;
				IPHONEOS_DEPLOYMENT_TARGET = 9.1;
				MTL_ENABLE_DEBUG_INFO = YES;
				ONLY_ACTIVE_ARCH = YES;
				SDKROOT = iphoneos;
				SWIFT_OPTIMIZATION_LEVEL = "-Onone";
			};
			name = Debug;
		};
		1A49BF8D1C2A98C90033F036 /* Release */ = {
			isa = XCBuildConfiguration;
			buildSettings = {
				ALWAYS_SEARCH_USER_PATHS = NO;
				CLANG_CXX_LANGUAGE_STANDARD = "gnu++0x";
				CLANG_CXX_LIBRARY = "libc++";
				CLANG_ENABLE_MODULES = YES;
				CLANG_ENABLE_OBJC_ARC = YES;
				CLANG_WARN_BOOL_CONVERSION = YES;
				CLANG_WARN_CONSTANT_CONVERSION = YES;
				CLANG_WARN_DIRECT_OBJC_ISA_USAGE = YES_ERROR;
				CLANG_WARN_EMPTY_BODY = YES;
				CLANG_WARN_ENUM_CONVERSION = YES;
				CLANG_WARN_INT_CONVERSION = YES;
				CLANG_WARN_OBJC_ROOT_CLASS = YES_ERROR;
				CLANG_WARN_UNREACHABLE_CODE = YES;
				CLANG_WARN__DUPLICATE_METHOD_MATCH = YES;
				"CODE_SIGN_IDENTITY[sdk=iphoneos*]" = "iPhone Developer";
				COPY_PHASE_STRIP = NO;
				DEBUG_INFORMATION_FORMAT = "dwarf-with-dsym";
				ENABLE_NS_ASSERTIONS = NO;
				ENABLE_STRICT_OBJC_MSGSEND = YES;
				FRAMEWORK_SEARCH_PATHS = /Users/James/Documents/FacebookSDK;
				GCC_C_LANGUAGE_STANDARD = gnu99;
				GCC_NO_COMMON_BLOCKS = YES;
				GCC_WARN_64_TO_32_BIT_CONVERSION = YES;
				GCC_WARN_ABOUT_RETURN_TYPE = YES_ERROR;
				GCC_WARN_UNDECLARED_SELECTOR = YES;
				GCC_WARN_UNINITIALIZED_AUTOS = YES_AGGRESSIVE;
				GCC_WARN_UNUSED_FUNCTION = YES;
				GCC_WARN_UNUSED_VARIABLE = YES;
				IPHONEOS_DEPLOYMENT_TARGET = 9.1;
				MTL_ENABLE_DEBUG_INFO = NO;
				SDKROOT = iphoneos;
				VALIDATE_PRODUCT = YES;
			};
			name = Release;
		};
		1A49BF8F1C2A98C90033F036 /* Debug */ = {
			isa = XCBuildConfiguration;
			buildSettings = {
				ASSETCATALOG_COMPILER_APPICON_NAME = AppIcon;
				CODE_SIGN_IDENTITY = "iPhone Developer";
				INFOPLIST_FILE = Synqr/Info.plist;
				LD_RUNPATH_SEARCH_PATHS = "$(inherited) @executable_path/Frameworks";
				PRODUCT_BUNDLE_IDENTIFIER = kim.james.Synqr;
				PRODUCT_NAME = "$(TARGET_NAME)";
				SWIFT_OBJC_BRIDGING_HEADER = "Synqr-Bridging-Header.h";
			};
			name = Debug;
		};
		1A49BF901C2A98C90033F036 /* Release */ = {
			isa = XCBuildConfiguration;
			buildSettings = {
				ASSETCATALOG_COMPILER_APPICON_NAME = AppIcon;
				CODE_SIGN_IDENTITY = "iPhone Developer";
				INFOPLIST_FILE = Synqr/Info.plist;
				LD_RUNPATH_SEARCH_PATHS = "$(inherited) @executable_path/Frameworks";
				PRODUCT_BUNDLE_IDENTIFIER = kim.james.Synqr;
				PRODUCT_NAME = "$(TARGET_NAME)";
				SWIFT_OBJC_BRIDGING_HEADER = "Synqr-Bridging-Header.h";
			};
			name = Release;
		};
		1A49BF921C2A98C90033F036 /* Debug */ = {
			isa = XCBuildConfiguration;
			buildSettings = {
				BUNDLE_LOADER = "$(TEST_HOST)";
				INFOPLIST_FILE = SynqrTests/Info.plist;
				LD_RUNPATH_SEARCH_PATHS = "$(inherited) @executable_path/Frameworks @loader_path/Frameworks";
				PRODUCT_BUNDLE_IDENTIFIER = kim.james.SynqrTests;
				PRODUCT_NAME = "$(TARGET_NAME)";
				TEST_HOST = "$(BUILT_PRODUCTS_DIR)/Synqr.app/Synqr";
			};
			name = Debug;
		};
		1A49BF931C2A98C90033F036 /* Release */ = {
			isa = XCBuildConfiguration;
			buildSettings = {
				BUNDLE_LOADER = "$(TEST_HOST)";
				INFOPLIST_FILE = SynqrTests/Info.plist;
				LD_RUNPATH_SEARCH_PATHS = "$(inherited) @executable_path/Frameworks @loader_path/Frameworks";
				PRODUCT_BUNDLE_IDENTIFIER = kim.james.SynqrTests;
				PRODUCT_NAME = "$(TARGET_NAME)";
				TEST_HOST = "$(BUILT_PRODUCTS_DIR)/Synqr.app/Synqr";
			};
			name = Release;
		};
		1A49BF951C2A98C90033F036 /* Debug */ = {
			isa = XCBuildConfiguration;
			buildSettings = {
				INFOPLIST_FILE = SynqrUITests/Info.plist;
				LD_RUNPATH_SEARCH_PATHS = "$(inherited) @executable_path/Frameworks @loader_path/Frameworks";
				PRODUCT_BUNDLE_IDENTIFIER = kim.james.SynqrUITests;
				PRODUCT_NAME = "$(TARGET_NAME)";
				TEST_TARGET_NAME = Synqr;
				USES_XCTRUNNER = YES;
			};
			name = Debug;
		};
		1A49BF961C2A98C90033F036 /* Release */ = {
			isa = XCBuildConfiguration;
			buildSettings = {
				INFOPLIST_FILE = SynqrUITests/Info.plist;
				LD_RUNPATH_SEARCH_PATHS = "$(inherited) @executable_path/Frameworks @loader_path/Frameworks";
				PRODUCT_BUNDLE_IDENTIFIER = kim.james.SynqrUITests;
				PRODUCT_NAME = "$(TARGET_NAME)";
				TEST_TARGET_NAME = Synqr;
				USES_XCTRUNNER = YES;
			};
			name = Release;
		};
/* End XCBuildConfiguration section */

/* Begin XCConfigurationList section */
		1A49BF5F1C2A98C90033F036 /* Build configuration list for PBXProject "Synqr" */ = {
			isa = XCConfigurationList;
			buildConfigurations = (
				1A49BF8C1C2A98C90033F036 /* Debug */,
				1A49BF8D1C2A98C90033F036 /* Release */,
			);
			defaultConfigurationIsVisible = 0;
			defaultConfigurationName = Release;
		};
		1A49BF8E1C2A98C90033F036 /* Build configuration list for PBXNativeTarget "Synqr" */ = {
			isa = XCConfigurationList;
			buildConfigurations = (
				1A49BF8F1C2A98C90033F036 /* Debug */,
				1A49BF901C2A98C90033F036 /* Release */,
			);
			defaultConfigurationIsVisible = 0;
			defaultConfigurationName = Release;
		};
		1A49BF911C2A98C90033F036 /* Build configuration list for PBXNativeTarget "SynqrTests" */ = {
			isa = XCConfigurationList;
			buildConfigurations = (
				1A49BF921C2A98C90033F036 /* Debug */,
				1A49BF931C2A98C90033F036 /* Release */,
			);
			defaultConfigurationIsVisible = 0;
			defaultConfigurationName = Release;
		};
		1A49BF941C2A98C90033F036 /* Build configuration list for PBXNativeTarget "SynqrUITests" */ = {
			isa = XCConfigurationList;
			buildConfigurations = (
				1A49BF951C2A98C90033F036 /* Debug */,
				1A49BF961C2A98C90033F036 /* Release */,
			);
			defaultConfigurationIsVisible = 0;
			defaultConfigurationName = Release;
		};
/* End XCConfigurationList section */
	};
	rootObject = 1A49BF5C1C2A98C90033F036 /* Project object */;
}
